
Microsoft Visual Studio Solution File, Format Version 12.00
# Visual Studio Version 16
VisualStudioVersion = 16.0.30611.23
MinimumVisualStudioVersion = 10.0.40219.1
Project("{FAE04EC0-301F-11D3-BF4B-00C04F79EFBC}") = "LinqSQL", "LinqSQL\LinqSQL.csproj", "{5737C949-9543-46C2-9C30-47A4BB330F9F}"
EndProject
Global
	GlobalSection(SolutionConfigurationPlatforms) = preSolution
		Debug|Any CPU = Debug|Any CPU
		Release|Any CPU = Release|Any CPU
	EndGlobalSection
	GlobalSection(ProjectConfigurationPlatforms) = postSolution
		{5737C949-9543-46C2-9C30-47A4BB330F9F}.Debug|Any CPU.ActiveCfg = Debug|Any CPU
		{5737C949-9543-46C2-9C30-47A4BB330F9F}.Debug|Any CPU.Build.0 = Debug|Any CPU
		{5737C949-9543-46C2-9C30-47A4BB330F9F}.Release|Any CPU.ActiveCfg = Release|Any CPU
		{5737C949-9543-46C2-9C30-47A4BB330F9F}.Release|Any CPU.Build.0 = Release|Any CPU
	EndGlobalSection
	GlobalSection(SolutionProperties) = preSolution
		HideSolutionNode = FALSE
	EndGlobalSection
	GlobalSection(ExtensibilityGlobals) = postSolution
		SolutionGuid = {AD6D6E33-BFE5-4332-BABD-12E3DE21D9EC}
	EndGlobalSection
EndGlobal
