
Microsoft Visual Studio Solution File, Format Version 12.00
# Visual Studio Version 16
VisualStudioVersion = 16.0.30002.166
MinimumVisualStudioVersion = 10.0.40219.1
Project("{FAE04EC0-301F-11D3-BF4B-00C04F79EFBC}") = "FormulaBaskara", "FormulaBaskara\FormulaBaskara.csproj", "{A78FCCEE-5304-4FDE-A4BC-643D73DBF28A}"
EndProject
Global
	GlobalSection(SolutionConfigurationPlatforms) = preSolution
		Debug|Any CPU = Debug|Any CPU
		Release|Any CPU = Release|Any CPU
	EndGlobalSection
	GlobalSection(ProjectConfigurationPlatforms) = postSolution
		{A78FCCEE-5304-4FDE-A4BC-643D73DBF28A}.Debug|Any CPU.ActiveCfg = Debug|Any CPU
		{A78FCCEE-5304-4FDE-A4BC-643D73DBF28A}.Debug|Any CPU.Build.0 = Debug|Any CPU
		{A78FCCEE-5304-4FDE-A4BC-643D73DBF28A}.Release|Any CPU.ActiveCfg = Release|Any CPU
		{A78FCCEE-5304-4FDE-A4BC-643D73DBF28A}.Release|Any CPU.Build.0 = Release|Any CPU
	EndGlobalSection
	GlobalSection(SolutionProperties) = preSolution
		HideSolutionNode = FALSE
	EndGlobalSection
	GlobalSection(ExtensibilityGlobals) = postSolution
		SolutionGuid = {8E738993-6A7C-44F1-9106-A26E0EFBDD98}
	EndGlobalSection
EndGlobal
